<?xml version="1.0" encoding="utf-8"?>
<Project ToolsVersion="4.0" xmlns="http://schemas.microsoft.com/developer/msbuild/2003">
  <ItemGroup>
    <Filter Include="Header Files">
      <UniqueIdentifier>{b5fc04ac-1dd5-4281-8d23-8c2ffa1c4ead}</UniqueIdentifier>
    </Filter>
    <Filter Include="Source Files">
      <UniqueIdentifier>{a7f92342-cbf6-4740-a72e-9431d18c92fd}</UniqueIdentifier>
    </Filter>
    <Filter Include="Module Files">
      <UniqueIdentifier>{29ed1d74-35fc-4c0e-befa-312097ba86a6}</UniqueIdentifier>
    </Filter>
  </ItemGroup>
  <ItemGroup>
    <ClInclude Include="$(MSBuildThisFileDirectory)include\main.h">
      <Filter>Header Files</Filter>
    </ClInclude>
    <ClInclude Include="$(MSBuildThisFileDirectory)include\app_api.h">
      <Filter>Header Files</Filter>
    </ClInclude>
  </ItemGroup>
  <ItemGroup>
    <ClCompile Include="$(MSBuildThisFileDirectory)modules\core.assert.ixx">
      <Filter>Module Files</Filter>
    </ClCompile>
    <ClCompile Include="$(MSBuildThisFileDirectory)modules\core.env.ixx">
      <Filter>Module Files</Filter>
    </ClCompile>
    <ClCompile Include="$(MSBuildThisFileDirectory)modules\core.error.ixx">
      <Filter>Module Files</Filter>
    </ClCompile>
    <ClCompile Include="$(MSBuildThisFileDirectory)modules\core.format.ixx">
      <Filter>Module Files</Filter>
    </ClCompile>
    <ClCompile Include="$(MSBuildThisFileDirectory)modules\core.id.ixx">
      <Filter>Module Files</Filter>
    </ClCompile>
    <ClCompile Include="$(MSBuildThisFileDirectory)modules\core.log.ixx">
      <Filter>Module Files</Filter>
    </ClCompile>
    <ClCompile Include="$(MSBuildThisFileDirectory)modules\core.math.ixx">
      <Filter>Module Files</Filter>
    </ClCompile>
    <ClCompile Include="$(MSBuildThisFileDirectory)modules\core.path.ixx">
      <Filter>Module Files</Filter>
    </ClCompile>
    <ClCompile Include="$(MSBuildThisFileDirectory)modules\core.string.ixx">
      <Filter>Module Files</Filter>
    </ClCompile>
    <ClCompile Include="$(MSBuildThisFileDirectory)modules\core.time.ixx">
      <Filter>Module Files</Filter>
    </ClCompile>
    <ClCompile Include="$(MSBuildThisFileDirectory)modules\mylib.ixx">
      <Filter>Module Files</Filter>
    </ClCompile>
    <ClCompile Include="$(MSBuildThisFileDirectory)modules\runtime.ixx">
      <Filter>Module Files</Filter>
    </ClCompile>
    <ClCompile Include="$(MSBuildThisFileDirectory)src\core.assert.cpp">
      <Filter>Source Files</Filter>
    </ClCompile>
    <ClCompile Include="$(MSBuildThisFileDirectory)src\core.env.cpp">
      <Filter>Source Files</Filter>
    </ClCompile>
    <ClCompile Include="$(MSBuildThisFileDirectory)src\core.error.cpp">
      <Filter>Source Files</Filter>
    </ClCompile>
    <ClCompile Include="$(MSBuildThisFileDirectory)src\core.format.cpp">
      <Filter>Source Files</Filter>
    </ClCompile>
    <ClCompile Include="$(MSBuildThisFileDirectory)src\core.id.cpp">
      <Filter>Source Files</Filter>
    </ClCompile>
    <ClCompile Include="$(MSBuildThisFileDirectory)src\core.log.cpp">
      <Filter>Source Files</Filter>
    </ClCompile>
    <ClCompile Include="$(MSBuildThisFileDirectory)src\core.math.cpp">
      <Filter>Source Files</Filter>
    </ClCompile>
    <ClCompile Include="$(MSBuildThisFileDirectory)src\core.path.cpp">
      <Filter>Source Files</Filter>
    </ClCompile>
    <ClCompile Include="$(MSBuildThisFileDirectory)src\core.string.cpp">
      <Filter>Source Files</Filter>
    </ClCompile>
    <ClCompile Include="$(MSBuildThisFileDirectory)src\core.time.cpp">
      <Filter>Source Files</Filter>
    </ClCompile>
    <ClCompile Include="$(MSBuildThisFileDirectory)src\lib_main.cpp">
      <Filter>Source Files</Filter>
    </ClCompile>
    <ClCompile Include="$(MSBuildThisFileDirectory)src\mylib.cpp">
      <Filter>Source Files</Filter>
    </ClCompile>
    <ClCompile Include="$(MSBuildThisFileDirectory)src\mylib.headers.cpp">
      <Filter>Source Files</Filter>
    </ClCompile>
    <ClCompile Include="$(MSBuildThisFileDirectory)src\runtime.cpp">
      <Filter>Source Files</Filter>
    </ClCompile>
    <ClCompile Include="$(MSBuildThisFileDirectory)src\tests_main.cpp">
      <Filter>Source Files</Filter>
    </ClCompile>
    <ClCompile Include="$(MSBuildThisFileDirectory)modules\core.memory.index.ixx">
      <Filter>Module Files</Filter>
    </ClCompile>
    <ClCompile Include="$(MSBuildThisFileDirectory)modules\core.memory.ixx">
      <Filter>Module Files</Filter>
    </ClCompile>
    <ClCompile Include="$(MSBuildThisFileDirectory)modules\core.memory.stage.ixx">
      <Filter>Module Files</Filter>
    </ClCompile>
    <ClCompile Include="$(MSBuildThisFileDirectory)modules\core.memory.store.ixx">
      <Filter>Module Files</Filter>
    </ClCompile>
    <ClCompile Include="$(MSBuildThisFileDirectory)modules\core.memory.types.ixx">
      <Filter>Module Files</Filter>
    </ClCompile>
    <ClCompile Include="$(MSBuildThisFileDirectory)src\core.memory.cpp">
      <Filter>Source Files</Filter>
    </ClCompile>
    <ClCompile Include="$(MSBuildThisFileDirectory)src\core.memory.index.cpp">
      <Filter>Source Files</Filter>
    </ClCompile>
    <ClCompile Include="$(MSBuildThisFileDirectory)src\core.memory.stage.cpp">
      <Filter>Source Files</Filter>
    </ClCompile>
    <ClCompile Include="$(MSBuildThisFileDirectory)src\core.memory.store.cpp">
      <Filter>Source Files</Filter>
    </ClCompile>
  </ItemGroup>
</Project>